// !$*UTF8*$!
{
	archiveVersion = 1;
	classes = {
	};
	objectVersion = 56;
	objects = {

/* Begin PBXBuildFile section */
		24595F8D2ABDB592000EAC67 /* AppDelegate.swift in Sources */ = {isa = PBXBuildFile; fileRef = 24595F8C2ABDB592000EAC67 /* AppDelegate.swift */; };
		24595F8F2ABDB592000EAC67 /* GameScene.sks in Resources */ = {isa = PBXBuildFile; fileRef = 24595F8E2ABDB592000EAC67 /* GameScene.sks */; };
		24595F912ABDB592000EAC67 /* Actions.sks in Resources */ = {isa = PBXBuildFile; fileRef = 24595F902ABDB592000EAC67 /* Actions.sks */; };
		24595F932ABDB592000EAC67 /* GameScene.swift in Sources */ = {isa = PBXBuildFile; fileRef = 24595F922ABDB592000EAC67 /* GameScene.swift */; };
		24595F952ABDB592000EAC67 /* GameViewController.swift in Sources */ = {isa = PBXBuildFile; fileRef = 24595F942ABDB592000EAC67 /* GameViewController.swift */; };
		24595F982ABDB592000EAC67 /* Main.storyboard in Resources */ = {isa = PBXBuildFile; fileRef = 24595F962ABDB592000EAC67 /* Main.storyboard */; };
		24595F9A2ABDB594000EAC67 /* Assets.xcassets in Resources */ = {isa = PBXBuildFile; fileRef = 24595F992ABDB594000EAC67 /* Assets.xcassets */; };
		24595F9D2ABDB594000EAC67 /* LaunchScreen.storyboard in Resources */ = {isa = PBXBuildFile; fileRef = 24595F9B2ABDB594000EAC67 /* LaunchScreen.storyboard */; };
		24595FA62ABDB691000EAC67 /* MenuViewController.swift in Sources */ = {isa = PBXBuildFile; fileRef = 24595FA42ABDB691000EAC67 /* MenuViewController.swift */; };
		24595FA72ABDB691000EAC67 /* MenuViewController.xib in Resources */ = {isa = PBXBuildFile; fileRef = 24595FA52ABDB691000EAC67 /* MenuViewController.xib */; };
		24595FA92ABDB6C5000EAC67 /* PrivacyPolicyViewController.swift in Sources */ = {isa = PBXBuildFile; fileRef = 24595FA82ABDB6C5000EAC67 /* PrivacyPolicyViewController.swift */; };
		24595FAC2ABDD3F5000EAC67 /* WinViewController.swift in Sources */ = {isa = PBXBuildFile; fileRef = 24595FAA2ABDD3F5000EAC67 /* WinViewController.swift */; };
		24595FAD2ABDD3F5000EAC67 /* WinViewController.xib in Resources */ = {isa = PBXBuildFile; fileRef = 24595FAB2ABDD3F5000EAC67 /* WinViewController.xib */; };
		24595FB12ABDD5D7000EAC67 /* NameImage.swift in Sources */ = {isa = PBXBuildFile; fileRef = 24595FB02ABDD5D7000EAC67 /* NameImage.swift */; };
/* End PBXBuildFile section */

/* Begin PBXFileReference section */
		24595F892ABDB592000EAC67 /* HitTarget.app */ = {isa = PBXFileReference; explicitFileType = wrapper.application; includeInIndex = 0; path = HitTarget.app; sourceTree = BUILT_PRODUCTS_DIR; };
		24595F8C2ABDB592000EAC67 /* AppDelegate.swift */ = {isa = PBXFileReference; lastKnownFileType = sourcecode.swift; path = AppDelegate.swift; sourceTree = "<group>"; };
		24595F8E2ABDB592000EAC67 /* GameScene.sks */ = {isa = PBXFileReference; lastKnownFileType = file.sks; path = GameScene.sks; sourceTree = "<group>"; };
		24595F902ABDB592000EAC67 /* Actions.sks */ = {isa = PBXFileReference; lastKnownFileType = file.sks; path = Actions.sks; sourceTree = "<group>"; };
		24595F922ABDB592000EAC67 /* GameScene.swift */ = {isa = PBXFileReference; lastKnownFileType = sourcecode.swift; path = GameScene.swift; sourceTree = "<group>"; };
		24595F942ABDB592000EAC67 /* GameViewController.swift */ = {isa = PBXFileReference; lastKnownFileType = sourcecode.swift; path = GameViewController.swift; sourceTree = "<group>"; };
		24595F972ABDB592000EAC67 /* Base */ = {isa = PBXFileReference; lastKnownFileType = file.storyboard; name = Base; path = Base.lproj/Main.storyboard; sourceTree = "<group>"; };
		24595F992ABDB594000EAC67 /* Assets.xcassets */ = {isa = PBXFileReference; lastKnownFileType = folder.assetcatalog; path = Assets.xcassets; sourceTree = "<group>"; };
		24595F9C2ABDB594000EAC67 /* Base */ = {isa = PBXFileReference; lastKnownFileType = file.storyboard; name = Base; path = Base.lproj/LaunchScreen.storyboard; sourceTree = "<group>"; };
		24595FA42ABDB691000EAC67 /* MenuViewController.swift */ = {isa = PBXFileReference; lastKnownFileType = sourcecode.swift; path = MenuViewController.swift; sourceTree = "<group>"; };
		24595FA52ABDB691000EAC67 /* MenuViewController.xib */ = {isa = PBXFileReference; lastKnownFileType = file.xib; path = MenuViewController.xib; sourceTree = "<group>"; };
		24595FA82ABDB6C5000EAC67 /* PrivacyPolicyViewController.swift */ = {isa = PBXFileReference; lastKnownFileType = sourcecode.swift; path = PrivacyPolicyViewController.swift; sourceTree = "<group>"; };
		24595FAA2ABDD3F5000EAC67 /* WinViewController.swift */ = {isa = PBXFileReference; lastKnownFileType = sourcecode.swift; path = WinViewController.swift; sourceTree = "<group>"; };
		24595FAB2ABDD3F5000EAC67 /* WinViewController.xib */ = {isa = PBXFileReference; lastKnownFileType = file.xib; path = WinViewController.xib; sourceTree = "<group>"; };
		24595FB02ABDD5D7000EAC67 /* NameImage.swift */ = {isa = PBXFileReference; lastKnownFileType = sourcecode.swift; path = NameImage.swift; sourceTree = "<group>"; };
/* End PBXFileReference section */

/* Begin PBXFrameworksBuildPhase section */
		24595F862ABDB592000EAC67 /* Frameworks */ = {
			isa = PBXFrameworksBuildPhase;
			buildActionMask = 2147483647;
			files = (
			);
			runOnlyForDeploymentPostprocessing = 0;
		};
/* End PBXFrameworksBuildPhase section */

/* Begin PBXGroup section */
		24595F802ABDB592000EAC67 = {
			isa = PBXGroup;
			children = (
				24595F8B2ABDB592000EAC67 /* HitTarget */,
				24595F8A2ABDB592000EAC67 /* Products */,
			);
			sourceTree = "<group>";
		};
		24595F8A2ABDB592000EAC67 /* Products */ = {
			isa = PBXGroup;
			children = (
				24595F892ABDB592000EAC67 /* HitTarget.app */,
			);
			name = Products;
			sourceTree = "<group>";
		};
		24595F8B2ABDB592000EAC67 /* HitTarget */ = {
			isa = PBXGroup;
			children = (
				24595F8C2ABDB592000EAC67 /* AppDelegate.swift */,
				24595FAF2ABDD5B7000EAC67 /* Models */,
				24595FAE2ABDD5A9000EAC67 /* Game */,
				24595FA32ABDB679000EAC67 /* Controllers */,
				24595F962ABDB592000EAC67 /* Main.storyboard */,
				24595F992ABDB594000EAC67 /* Assets.xcassets */,
				24595F9B2ABDB594000EAC67 /* LaunchScreen.storyboard */,
			);
			path = HitTarget;
			sourceTree = "<group>";
		};
		24595FA32ABDB679000EAC67 /* Controllers */ = {
			isa = PBXGroup;
			children = (
				24595F942ABDB592000EAC67 /* GameViewController.swift */,
				24595FA42ABDB691000EAC67 /* MenuViewController.swift */,
				24595FA52ABDB691000EAC67 /* MenuViewController.xib */,
				24595FA82ABDB6C5000EAC67 /* PrivacyPolicyViewController.swift */,
				24595FAA2ABDD3F5000EAC67 /* WinViewController.swift */,
				24595FAB2ABDD3F5000EAC67 /* WinViewController.xib */,
			);
			path = Controllers;
			sourceTree = "<group>";
		};
		24595FAE2ABDD5A9000EAC67 /* Game */ = {
			isa = PBXGroup;
			children = (
				24595F8E2ABDB592000EAC67 /* GameScene.sks */,
				24595F902ABDB592000EAC67 /* Actions.sks */,
				24595F922ABDB592000EAC67 /* GameScene.swift */,
			);
			path = Game;
			sourceTree = "<group>";
		};
		24595FAF2ABDD5B7000EAC67 /* Models */ = {
			isa = PBXGroup;
			children = (
				24595FB02ABDD5D7000EAC67 /* NameImage.swift */,
			);
			path = Models;
			sourceTree = "<group>";
		};
/* End PBXGroup section */

/* Begin PBXNativeTarget section */
		24595F882ABDB592000EAC67 /* HitTarget */ = {
			isa = PBXNativeTarget;
			buildConfigurationList = 24595FA02ABDB594000EAC67 /* Build configuration list for PBXNativeTarget "HitTarget" */;
			buildPhases = (
				24595F852ABDB592000EAC67 /* Sources */,
				24595F862ABDB592000EAC67 /* Frameworks */,
				24595F872ABDB592000EAC67 /* Resources */,
			);
			buildRules = (
			);
			dependencies = (
			);
			name = HitTarget;
			productName = HitTarget;
			productReference = 24595F892ABDB592000EAC67 /* HitTarget.app */;
			productType = "com.apple.product-type.application";
		};
/* End PBXNativeTarget section */

/* Begin PBXProject section */
		24595F812ABDB592000EAC67 /* Project object */ = {
			isa = PBXProject;
			attributes = {
				BuildIndependentTargetsInParallel = 1;
				LastSwiftUpdateCheck = 1430;
				LastUpgradeCheck = 1430;
				TargetAttributes = {
					24595F882ABDB592000EAC67 = {
						CreatedOnToolsVersion = 14.3.1;
					};
				};
			};
			buildConfigurationList = 24595F842ABDB592000EAC67 /* Build configuration list for PBXProject "HitTarget" */;
			compatibilityVersion = "Xcode 14.0";
			developmentRegion = en;
			hasScannedForEncodings = 0;
			knownRegions = (
				en,
				Base,
			);
			mainGroup = 24595F802ABDB592000EAC67;
			productRefGroup = 24595F8A2ABDB592000EAC67 /* Products */;
			projectDirPath = "";
			projectRoot = "";
			targets = (
				24595F882ABDB592000EAC67 /* HitTarget */,
			);
		};
/* End PBXProject section */

/* Begin PBXResourcesBuildPhase section */
		24595F872ABDB592000EAC67 /* Resources */ = {
			isa = PBXResourcesBuildPhase;
			buildActionMask = 2147483647;
			files = (
				24595F982ABDB592000EAC67 /* Main.storyboard in Resources */,
				24595FA72ABDB691000EAC67 /* MenuViewController.xib in Resources */,
				24595F8F2ABDB592000EAC67 /* GameScene.sks in Resources */,
				24595F9A2ABDB594000EAC67 /* Assets.xcassets in Resources */,
				24595F9D2ABDB594000EAC67 /* LaunchScreen.storyboard in Resources */,
				24595F912ABDB592000EAC67 /* Actions.sks in Resources */,
				24595FAD2ABDD3F5000EAC67 /* WinViewController.xib in Resources */,
			);
			runOnlyForDeploymentPostprocessing = 0;
		};
/* End PBXResourcesBuildPhase section */

/* Begin PBXSourcesBuildPhase section */
		24595F852ABDB592000EAC67 /* Sources */ = {
			isa = PBXSourcesBuildPhase;
			buildActionMask = 2147483647;
			files = (
				24595F932ABDB592000EAC67 /* GameScene.swift in Sources */,
				24595F952ABDB592000EAC67 /* GameViewController.swift in Sources */,
				24595FB12ABDD5D7000EAC67 /* NameImage.swift in Sources */,
				24595FA92ABDB6C5000EAC67 /* PrivacyPolicyViewController.swift in Sources */,
				24595FAC2ABDD3F5000EAC67 /* WinViewController.swift in Sources */,
				24595F8D2ABDB592000EAC67 /* AppDelegate.swift in Sources */,
				24595FA62ABDB691000EAC67 /* MenuViewController.swift in Sources */,
			);
			runOnlyForDeploymentPostprocessing = 0;
		};
/* End PBXSourcesBuildPhase section */

/* Begin PBXVariantGroup section */
		24595F962ABDB592000EAC67 /* Main.storyboard */ = {
			isa = PBXVariantGroup;
			children = (
				24595F972ABDB592000EAC67 /* Base */,
			);
			name = Main.storyboard;
			sourceTree = "<group>";
		};
		24595F9B2ABDB594000EAC67 /* LaunchScreen.storyboard */ = {
			isa = PBXVariantGroup;
			children = (
				24595F9C2ABDB594000EAC67 /* Base */,
			);
			name = LaunchScreen.storyboard;
			sourceTree = "<group>";
		};
/* End PBXVariantGroup section */

/* Begin XCBuildConfiguration section */
		24595F9E2ABDB594000EAC67 /* Debug */ = {
			isa = XCBuildConfiguration;
			buildSettings = {
				ALWAYS_SEARCH_USER_PATHS = NO;
				CLANG_ANALYZER_NONNULL = YES;
				CLANG_ANALYZER_NUMBER_OBJECT_CONVERSION = YES_AGGRESSIVE;
				CLANG_CXX_LANGUAGE_STANDARD = "gnu++20";
				CLANG_ENABLE_MODULES = YES;
				CLANG_ENABLE_OBJC_ARC = YES;
				CLANG_ENABLE_OBJC_WEAK = YES;
				CLANG_WARN_BLOCK_CAPTURE_AUTORELEASING = YES;
				CLANG_WARN_BOOL_CONVERSION = YES;
				CLANG_WARN_COMMA = YES;
				CLANG_WARN_CONSTANT_CONVERSION = YES;
				CLANG_WARN_DEPRECATED_OBJC_IMPLEMENTATIONS = YES;
				CLANG_WARN_DIRECT_OBJC_ISA_USAGE = YES_ERROR;
				CLANG_WARN_DOCUMENTATION_COMMENTS = YES;
				CLANG_WARN_EMPTY_BODY = YES;
				CLANG_WARN_ENUM_CONVERSION = YES;
				CLANG_WARN_INFINITE_RECURSION = YES;
				CLANG_WARN_INT_CONVERSION = YES;
				CLANG_WARN_NON_LITERAL_NULL_CONVERSION = YES;
				CLANG_WARN_OBJC_IMPLICIT_RETAIN_SELF = YES;
				CLANG_WARN_OBJC_LITERAL_CONVERSION = YES;
				CLANG_WARN_OBJC_ROOT_CLASS = YES_ERROR;
				CLANG_WARN_QUOTED_INCLUDE_IN_FRAMEWORK_HEADER = YES;
				CLANG_WARN_RANGE_LOOP_ANALYSIS = YES;
				CLANG_WARN_STRICT_PROTOTYPES = YES;
				CLANG_WARN_SUSPICIOUS_MOVE = YES;
				CLANG_WARN_UNGUARDED_AVAILABILITY = YES_AGGRESSIVE;
				CLANG_WARN_UNREACHABLE_CODE = YES;
				CLANG_WARN__DUPLICATE_METHOD_MATCH = YES;
				COPY_PHASE_STRIP = NO;
				DEBUG_INFORMATION_FORMAT = dwarf;
				ENABLE_STRICT_OBJC_MSGSEND = YES;
				ENABLE_TESTABILITY = YES;
				GCC_C_LANGUAGE_STANDARD = gnu11;
				GCC_DYNAMIC_NO_PIC = NO;
				GCC_NO_COMMON_BLOCKS = YES;
				GCC_OPTIMIZATION_LEVEL = 0;
				GCC_PREPROCESSOR_DEFINITIONS = (
					"DEBUG=1",
					"$(inherited)",
				);
				GCC_WARN_64_TO_32_BIT_CONVERSION = YES;
				GCC_WARN_ABOUT_RETURN_TYPE = YES_ERROR;
				GCC_WARN_UNDECLARED_SELECTOR = YES;
				GCC_WARN_UNINITIALIZED_AUTOS = YES_AGGRESSIVE;
				GCC_WARN_UNUSED_FUNCTION = YES;
				GCC_WARN_UNUSED_VARIABLE = YES;
				IPHONEOS_DEPLOYMENT_TARGET = 14.0;
				MTL_ENABLE_DEBUG_INFO = INCLUDE_SOURCE;
				MTL_FAST_MATH = YES;
				ONLY_ACTIVE_ARCH = YES;
				SDKROOT = iphoneos;
				SWIFT_ACTIVE_COMPILATION_CONDITIONS = DEBUG;
				SWIFT_OPTIMIZATION_LEVEL = "-Onone";
			};
			name = Debug;
		};
		24595F9F2ABDB594000EAC67 /* Release */ = {
			isa = XCBuildConfiguration;
			buildSettings = {
				ALWAYS_SEARCH_USER_PATHS = NO;
				CLANG_ANALYZER_NONNULL = YES;
				CLANG_ANALYZER_NUMBER_OBJECT_CONVERSION = YES_AGGRESSIVE;
				CLANG_CXX_LANGUAGE_STANDARD = "gnu++20";
				CLANG_ENABLE_MODULES = YES;
				CLANG_ENABLE_OBJC_ARC = YES;
				CLANG_ENABLE_OBJC_WEAK = YES;
				CLANG_WARN_BLOCK_CAPTURE_AUTORELEASING = YES;
				CLANG_WARN_BOOL_CONVERSION = YES;
				CLANG_WARN_COMMA = YES;
				CLANG_WARN_CONSTANT_CONVERSION = YES;
				CLANG_WARN_DEPRECATED_OBJC_IMPLEMENTATIONS = YES;
				CLANG_WARN_DIRECT_OBJC_ISA_USAGE = YES_ERROR;
				CLANG_WARN_DOCUMENTATION_COMMENTS = YES;
				CLANG_WARN_EMPTY_BODY = YES;
				CLANG_WARN_ENUM_CONVERSION = YES;
				CLANG_WARN_INFINITE_RECURSION = YES;
				CLANG_WARN_INT_CONVERSION = YES;
				CLANG_WARN_NON_LITERAL_NULL_CONVERSION = YES;
				CLANG_WARN_OBJC_IMPLICIT_RETAIN_SELF = YES;
				CLANG_WARN_OBJC_LITERAL_CONVERSION = YES;
				CLANG_WARN_OBJC_ROOT_CLASS = YES_ERROR;
				CLANG_WARN_QUOTED_INCLUDE_IN_FRAMEWORK_HEADER = YES;
				CLANG_WARN_RANGE_LOOP_ANALYSIS = YES;
				CLANG_WARN_STRICT_PROTOTYPES = YES;
				CLANG_WARN_SUSPICIOUS_MOVE = YES;
				CLANG_WARN_UNGUARDED_AVAILABILITY = YES_AGGRESSIVE;
				CLANG_WARN_UNREACHABLE_CODE = YES;
				CLANG_WARN__DUPLICATE_METHOD_MATCH = YES;
				COPY_PHASE_STRIP = NO;
				DEBUG_INFORMATION_FORMAT = "dwarf-with-dsym";
				ENABLE_NS_ASSERTIONS = NO;
				ENABLE_STRICT_OBJC_MSGSEND = YES;
				GCC_C_LANGUAGE_STANDARD = gnu11;
				GCC_NO_COMMON_BLOCKS = YES;
				GCC_WARN_64_TO_32_BIT_CONVERSION = YES;
				GCC_WARN_ABOUT_RETURN_TYPE = YES_ERROR;
				GCC_WARN_UNDECLARED_SELECTOR = YES;
				GCC_WARN_UNINITIALIZED_AUTOS = YES_AGGRESSIVE;
				GCC_WARN_UNUSED_FUNCTION = YES;
				GCC_WARN_UNUSED_VARIABLE = YES;
				IPHONEOS_DEPLOYMENT_TARGET = 14.0;
				MTL_ENABLE_DEBUG_INFO = NO;
				MTL_FAST_MATH = YES;
				SDKROOT = iphoneos;
				SWIFT_COMPILATION_MODE = wholemodule;
				SWIFT_OPTIMIZATION_LEVEL = "-O";
				VALIDATE_PRODUCT = YES;
			};
			name = Release;
		};
		24595FA12ABDB594000EAC67 /* Debug */ = {
			isa = XCBuildConfiguration;
			buildSettings = {
				ASSETCATALOG_COMPILER_APPICON_NAME = AppIcon;
				ASSETCATALOG_COMPILER_GLOBAL_ACCENT_COLOR_NAME = AccentColor;
				CODE_SIGN_STYLE = Automatic;
				CURRENT_PROJECT_VERSION = 1;
				DEVELOPMENT_TEAM = RPSARM5WXZ;
				GENERATE_INFOPLIST_FILE = YES;
				INFOPLIST_KEY_UIApplicationSupportsIndirectInputEvents = YES;
				INFOPLIST_KEY_UILaunchStoryboardName = LaunchScreen;
				INFOPLIST_KEY_UIMainStoryboardFile = Main;
				INFOPLIST_KEY_UIStatusBarHidden = YES;
				INFOPLIST_KEY_UISupportedInterfaceOrientations = UIInterfaceOrientationPortrait;
				INFOPLIST_KEY_UISupportedInterfaceOrientations_iPad = "UIInterfaceOrientationLandscapeLeft UIInterfaceOrientationLandscapeRight UIInterfaceOrientationPortrait UIInterfaceOrientationPortraitUpsideDown";
				IPHONEOS_DEPLOYMENT_TARGET = 14.0;
				LD_RUNPATH_SEARCH_PATHS = (
					"$(inherited)",
					"@executable_path/Frameworks",
				);
				MARKETING_VERSION = 1.0;
				PRODUCT_BUNDLE_IDENTIFIER = com.galiev.HitTarget;
				PRODUCT_NAME = "$(TARGET_NAME)";
				SUPPORTED_PLATFORMS = "iphoneos iphonesimulator";
				SUPPORTS_MACCATALYST = NO;
				SUPPORTS_MAC_DESIGNED_FOR_IPHONE_IPAD = YES;
				SWIFT_EMIT_LOC_STRINGS = YES;
				SWIFT_VERSION = 5.0;
				TARGETED_DEVICE_FAMILY = 1;
			};
			name = Debug;
		};
		24595FA22ABDB594000EAC67 /* Release */ = {
			isa = XCBuildConfiguration;
			buildSettings = {
				ASSETCATALOG_COMPILER_APPICON_NAME = AppIcon;
				ASSETCATALOG_COMPILER_GLOBAL_ACCENT_COLOR_NAME = AccentColor;
				CODE_SIGN_STYLE = Automatic;
				CURRENT_PROJECT_VERSION = 1;
				DEVELOPMENT_TEAM = RPSARM5WXZ;
				GENERATE_INFOPLIST_FILE = YES;
				INFOPLIST_KEY_UIApplicationSupportsIndirectInputEvents = YES;
				INFOPLIST_KEY_UILaunchStoryboardName = LaunchScreen;
				INFOPLIST_KEY_UIMainStoryboardFile = Main;
				INFOPLIST_KEY_UIStatusBarHidden = YES;
				INFOPLIST_KEY_UISupportedInterfaceOrientations = UIInterfaceOrientationPortrait;
				INFOPLIST_KEY_UISupportedInterfaceOrientations_iPad = "UIInterfaceOrientationLandscapeLeft UIInterfaceOrientationLandscapeRight UIInterfaceOrientationPortrait UIInterfaceOrientationPortraitUpsideDown";
				IPHONEOS_DEPLOYMENT_TARGET = 14.0;
				LD_RUNPATH_SEARCH_PATHS = (
					"$(inherited)",
					"@executable_path/Frameworks",
				);
				MARKETING_VERSION = 1.0;
				PRODUCT_BUNDLE_IDENTIFIER = com.galiev.HitTarget;
				PRODUCT_NAME = "$(TARGET_NAME)";
				SUPPORTED_PLATFORMS = "iphoneos iphonesimulator";
				SUPPORTS_MACCATALYST = NO;
				SUPPORTS_MAC_DESIGNED_FOR_IPHONE_IPAD = YES;
				SWIFT_EMIT_LOC_STRINGS = YES;
				SWIFT_VERSION = 5.0;
				TARGETED_DEVICE_FAMILY = 1;
			};
			name = Release;
		};
/* End XCBuildConfiguration section */

/* Begin XCConfigurationList section */
		24595F842ABDB592000EAC67 /* Build configuration list for PBXProject "HitTarget" */ = {
			isa = XCConfigurationList;
			buildConfigurations = (
				24595F9E2ABDB594000EAC67 /* Debug */,
				24595F9F2ABDB594000EAC67 /* Release */,
			);
			defaultConfigurationIsVisible = 0;
			defaultConfigurationName = Release;
		};
		24595FA02ABDB594000EAC67 /* Build configuration list for PBXNativeTarget "HitTarget" */ = {
			isa = XCConfigurationList;
			buildConfigurations = (
				24595FA12ABDB594000EAC67 /* Debug */,
				24595FA22ABDB594000EAC67 /* Release */,
			);
			defaultConfigurationIsVisible = 0;
			defaultConfigurationName = Release;
		};
/* End XCConfigurationList section */
	};
	rootObject = 24595F812ABDB592000EAC67 /* Project object */;
}
